
Microsoft Visual Studio Solution File, Format Version 12.00
# Visual Studio Version 16
VisualStudioVersion = 16.0.31702.278
MinimumVisualStudioVersion = 10.0.40219.1
Project("{FAE04EC0-301F-11D3-BF4B-00C04F79EFBC}") = "AuthTestApp", "AuthTestApp\AuthTestApp.csproj", "{FD1607B6-0FA4-404F-8C80-7327337957E2}"
EndProject
Global
	GlobalSection(SolutionConfigurationPlatforms) = preSolution
		Debug|Any CPU = Debug|Any CPU
		Release|Any CPU = Release|Any CPU
	EndGlobalSection
	GlobalSection(ProjectConfigurationPlatforms) = postSolution
		{FD1607B6-0FA4-404F-8C80-7327337957E2}.Debug|Any CPU.ActiveCfg = Debug|Any CPU
		{FD1607B6-0FA4-404F-8C80-7327337957E2}.Debug|Any CPU.Build.0 = Debug|Any CPU
		{FD1607B6-0FA4-404F-8C80-7327337957E2}.Release|Any CPU.ActiveCfg = Release|Any CPU
		{FD1607B6-0FA4-404F-8C80-7327337957E2}.Release|Any CPU.Build.0 = Release|Any CPU
	EndGlobalSection
	GlobalSection(SolutionProperties) = preSolution
		HideSolutionNode = FALSE
	EndGlobalSection
	GlobalSection(ExtensibilityGlobals) = postSolution
		SolutionGuid = {DFEFCC9C-EF24-4D1E-B917-34D08AFF42E9}
	EndGlobalSection
EndGlobal
